
Microsoft Visual Studio Solution File, Format Version 12.00
# Visual Studio 15
VisualStudioVersion = 15.0.28010.2003
MinimumVisualStudioVersion = 10.0.40219.1
Project("{FAE04EC0-301F-11D3-BF4B-00C04F79EFBC}") = "FlappyBird", "FlappyBird\FlappyBird.csproj", "{A67207AE-5A36-4571-BDE8-558AC378BCA3}"
EndProject
Global
	GlobalSection(SolutionConfigurationPlatforms) = preSolution
		Debug|Any CPU = Debug|Any CPU
		Release|Any CPU = Release|Any CPU
	EndGlobalSection
	GlobalSection(ProjectConfigurationPlatforms) = postSolution
		{A67207AE-5A36-4571-BDE8-558AC378BCA3}.Debug|Any CPU.ActiveCfg = Debug|Any CPU
		{A67207AE-5A36-4571-BDE8-558AC378BCA3}.Debug|Any CPU.Build.0 = Debug|Any CPU
		{A67207AE-5A36-4571-BDE8-558AC378BCA3}.Release|Any CPU.ActiveCfg = Release|Any CPU
		{A67207AE-5A36-4571-BDE8-558AC378BCA3}.Release|Any CPU.Build.0 = Release|Any CPU
	EndGlobalSection
	GlobalSection(SolutionProperties) = preSolution
		HideSolutionNode = FALSE
	EndGlobalSection
	GlobalSection(ExtensibilityGlobals) = postSolution
		SolutionGuid = {40FB2163-5C49-45CB-AEA9-0EA4DE818796}
	EndGlobalSection
EndGlobal
